
Microsoft Visual Studio Solution File, Format Version 12.00
# Visual Studio Version 17
VisualStudioVersion = 17.10.35122.118
MinimumVisualStudioVersion = 10.0.40219.1
Project("{FAE04EC0-301F-11D3-BF4B-00C04F79EFBC}") = "ProductAPI", "ProductAPI\ProductAPI.csproj", "{DD38027D-8481-47F0-95C9-B01E4F13080B}"
EndProject
Project("{2150E333-8FDC-42A3-9474-1A3956D46DE8}") = "Test", "Test", "{659A123B-827D-4EB9-97AA-D083F67FE500}"
EndProject
Project("{FAE04EC0-301F-11D3-BF4B-00C04F79EFBC}") = "ProductAPI.UnitTests", "ProductAPI.UnitTests\ProductAPI.UnitTests.csproj", "{B31C33C0-4D14-4A2E-AE1E-018B0E475D0A}"
EndProject
Global
	GlobalSection(SolutionConfigurationPlatforms) = preSolution
		Debug|Any CPU = Debug|Any CPU
		Release|Any CPU = Release|Any CPU
	EndGlobalSection
	GlobalSection(ProjectConfigurationPlatforms) = postSolution
		{DD38027D-8481-47F0-95C9-B01E4F13080B}.Debug|Any CPU.ActiveCfg = Debug|Any CPU
		{DD38027D-8481-47F0-95C9-B01E4F13080B}.Debug|Any CPU.Build.0 = Debug|Any CPU
		{DD38027D-8481-47F0-95C9-B01E4F13080B}.Release|Any CPU.ActiveCfg = Release|Any CPU
		{DD38027D-8481-47F0-95C9-B01E4F13080B}.Release|Any CPU.Build.0 = Release|Any CPU
		{B31C33C0-4D14-4A2E-AE1E-018B0E475D0A}.Debug|Any CPU.ActiveCfg = Debug|Any CPU
		{B31C33C0-4D14-4A2E-AE1E-018B0E475D0A}.Debug|Any CPU.Build.0 = Debug|Any CPU
		{B31C33C0-4D14-4A2E-AE1E-018B0E475D0A}.Release|Any CPU.ActiveCfg = Release|Any CPU
		{B31C33C0-4D14-4A2E-AE1E-018B0E475D0A}.Release|Any CPU.Build.0 = Release|Any CPU
	EndGlobalSection
	GlobalSection(SolutionProperties) = preSolution
		HideSolutionNode = FALSE
	EndGlobalSection
	GlobalSection(NestedProjects) = preSolution
		{B31C33C0-4D14-4A2E-AE1E-018B0E475D0A} = {659A123B-827D-4EB9-97AA-D083F67FE500}
	EndGlobalSection
	GlobalSection(ExtensibilityGlobals) = postSolution
		SolutionGuid = {361966BD-3674-4483-A4CE-D9EB58F665C0}
	EndGlobalSection
EndGlobal
